
Microsoft Visual Studio Solution File, Format Version 12.00
# Visual Studio 2012
Project("{F184B08F-C81C-45F6-A57F-5ABD9991F28F}") = "AmandaEarlam2014", "AmandaEarlam2014\AmandaEarlam2014.vbproj", "{640CB539-1D85-46EC-9B80-6CD2FB9EE43C}"
EndProject
Project("{F184B08F-C81C-45F6-A57F-5ABD9991F28F}") = "AmandaEarlam2014.Tests", "AmandaEarlam2014.Tests\AmandaEarlam2014.Tests.vbproj", "{B52A915B-42EA-4168-A346-16D1EA76C646}"
EndProject
Global
	GlobalSection(SolutionConfigurationPlatforms) = preSolution
		Debug|Any CPU = Debug|Any CPU
		Release|Any CPU = Release|Any CPU
	EndGlobalSection
	GlobalSection(ProjectConfigurationPlatforms) = postSolution
		{640CB539-1D85-46EC-9B80-6CD2FB9EE43C}.Debug|Any CPU.ActiveCfg = Debug|Any CPU
		{640CB539-1D85-46EC-9B80-6CD2FB9EE43C}.Debug|Any CPU.Build.0 = Debug|Any CPU
		{640CB539-1D85-46EC-9B80-6CD2FB9EE43C}.Release|Any CPU.ActiveCfg = Release|Any CPU
		{640CB539-1D85-46EC-9B80-6CD2FB9EE43C}.Release|Any CPU.Build.0 = Release|Any CPU
		{B52A915B-42EA-4168-A346-16D1EA76C646}.Debug|Any CPU.ActiveCfg = Debug|Any CPU
		{B52A915B-42EA-4168-A346-16D1EA76C646}.Debug|Any CPU.Build.0 = Debug|Any CPU
		{B52A915B-42EA-4168-A346-16D1EA76C646}.Release|Any CPU.ActiveCfg = Release|Any CPU
		{B52A915B-42EA-4168-A346-16D1EA76C646}.Release|Any CPU.Build.0 = Release|Any CPU
	EndGlobalSection
	GlobalSection(SolutionProperties) = preSolution
		HideSolutionNode = FALSE
	EndGlobalSection
EndGlobal
